// !$*UTF8*$!
{
	archiveVersion = 1;
	classes = {
	};
	objectVersion = 46;
	objects = {

/* Begin PBXBuildFile section */
		1516CF0D575DFEF43D6F360A /* Pods.framework in Frameworks */ = {isa = PBXBuildFile; fileRef = E1CE9D294D68EE5D440812D4 /* Pods.framework */; };
		332278AF1CF4242400C793C7 /* NewRecordViewController.swift in Sources */ = {isa = PBXBuildFile; fileRef = 332278AE1CF4242400C793C7 /* NewRecordViewController.swift */; };
		333B768E1D0163BE0026BC1B /* LoginViewController.swift in Sources */ = {isa = PBXBuildFile; fileRef = 333B768D1D0163BE0026BC1B /* LoginViewController.swift */; };
		334839411CF6CE8200C94FCB /* buttonPlayAndPause.swift in Sources */ = {isa = PBXBuildFile; fileRef = 334839401CF6CE8200C94FCB /* buttonPlayAndPause.swift */; };
		336E303E1CF361EC006195B5 /* RobotoMono-Bold.ttf in Resources */ = {isa = PBXBuildFile; fileRef = 336E30341CF361EC006195B5 /* RobotoMono-Bold.ttf */; };
		336E303F1CF361EC006195B5 /* RobotoMono-BoldItalic.ttf in Resources */ = {isa = PBXBuildFile; fileRef = 336E30351CF361EC006195B5 /* RobotoMono-BoldItalic.ttf */; };
		336E30401CF361EC006195B5 /* RobotoMono-Italic.ttf in Resources */ = {isa = PBXBuildFile; fileRef = 336E30361CF361EC006195B5 /* RobotoMono-Italic.ttf */; };
		336E30411CF361EC006195B5 /* RobotoMono-Light.ttf in Resources */ = {isa = PBXBuildFile; fileRef = 336E30371CF361EC006195B5 /* RobotoMono-Light.ttf */; };
		336E30421CF361EC006195B5 /* RobotoMono-LightItalic.ttf in Resources */ = {isa = PBXBuildFile; fileRef = 336E30381CF361EC006195B5 /* RobotoMono-LightItalic.ttf */; };
		336E30431CF361EC006195B5 /* RobotoMono-Medium.ttf in Resources */ = {isa = PBXBuildFile; fileRef = 336E30391CF361EC006195B5 /* RobotoMono-Medium.ttf */; };
		336E30441CF361EC006195B5 /* RobotoMono-MediumItalic.ttf in Resources */ = {isa = PBXBuildFile; fileRef = 336E303A1CF361EC006195B5 /* RobotoMono-MediumItalic.ttf */; };
		336E30451CF361EC006195B5 /* RobotoMono-Regular.ttf in Resources */ = {isa = PBXBuildFile; fileRef = 336E303B1CF361EC006195B5 /* RobotoMono-Regular.ttf */; };
		336E30461CF361EC006195B5 /* RobotoMono-Thin.ttf in Resources */ = {isa = PBXBuildFile; fileRef = 336E303C1CF361EC006195B5 /* RobotoMono-Thin.ttf */; };
		336E30471CF361EC006195B5 /* RobotoMono-ThinItalic.ttf in Resources */ = {isa = PBXBuildFile; fileRef = 336E303D1CF361EC006195B5 /* RobotoMono-ThinItalic.ttf */; };
		337471271CFE85E600E0C5D0 /* Record+CoreDataProperties.swift in Sources */ = {isa = PBXBuildFile; fileRef = 337471251CFE85E600E0C5D0 /* Record+CoreDataProperties.swift */; };
		337471281CFE85E600E0C5D0 /* Record.swift in Sources */ = {isa = PBXBuildFile; fileRef = 337471261CFE85E600E0C5D0 /* Record.swift */; };
		3374712B1CFECBEE00E0C5D0 /* DataController.swift in Sources */ = {isa = PBXBuildFile; fileRef = 3374712A1CFECBEE00E0C5D0 /* DataController.swift */; };
		33847AC91D0017D8009B2AB4 /* StatisticViewController.swift in Sources */ = {isa = PBXBuildFile; fileRef = 33847AC81D0017D8009B2AB4 /* StatisticViewController.swift */; };
		33847ACB1D00234A009B2AB4 /* MainNavigationController.swift in Sources */ = {isa = PBXBuildFile; fileRef = 33847ACA1D00234A009B2AB4 /* MainNavigationController.swift */; };
		338641871D130C6700A550D2 /* RunDataModel.swift in Sources */ = {isa = PBXBuildFile; fileRef = 338641861D130C6700A550D2 /* RunDataModel.swift */; };
		338641891D130DE000A550D2 /* RunDataTableViewCell.xib in Resources */ = {isa = PBXBuildFile; fileRef = 338641881D130DE000A550D2 /* RunDataTableViewCell.xib */; };
		3386418B1D130DF900A550D2 /* RunDataTableViewGapCell.xib in Resources */ = {isa = PBXBuildFile; fileRef = 3386418A1D130DF900A550D2 /* RunDataTableViewGapCell.xib */; };
		33AAF06A1CF2A4B600F14E31 /* AppDelegate.swift in Sources */ = {isa = PBXBuildFile; fileRef = 33AAF0691CF2A4B600F14E31 /* AppDelegate.swift */; };
		33AAF06C1CF2A4B600F14E31 /* HomeViewController.swift in Sources */ = {isa = PBXBuildFile; fileRef = 33AAF06B1CF2A4B600F14E31 /* HomeViewController.swift */; };
		33AAF06F1CF2A4B600F14E31 /* Main.storyboard in Resources */ = {isa = PBXBuildFile; fileRef = 33AAF06D1CF2A4B600F14E31 /* Main.storyboard */; };
		33AAF0721CF2A4B600F14E31 /* Mr_Ride_iOS.xcdatamodeld in Sources */ = {isa = PBXBuildFile; fileRef = 33AAF0701CF2A4B600F14E31 /* Mr_Ride_iOS.xcdatamodeld */; };
		33AAF0741CF2A4B600F14E31 /* Assets.xcassets in Resources */ = {isa = PBXBuildFile; fileRef = 33AAF0731CF2A4B600F14E31 /* Assets.xcassets */; };
		33AAF0771CF2A4B600F14E31 /* LaunchScreen.storyboard in Resources */ = {isa = PBXBuildFile; fileRef = 33AAF0751CF2A4B600F14E31 /* LaunchScreen.storyboard */; };
		33ADF1141CF2B3F900BA6BAF /* MRColor.swift in Sources */ = {isa = PBXBuildFile; fileRef = 33ADF1121CF2B3F900BA6BAF /* MRColor.swift */; };
		33ADF1151CF2B3F900BA6BAF /* MRFont.swift in Sources */ = {isa = PBXBuildFile; fileRef = 33ADF1131CF2B3F900BA6BAF /* MRFont.swift */; };
		33B7EBDA1D0FA87F00D39072 /* JSONParsable.swift in Sources */ = {isa = PBXBuildFile; fileRef = 33B7EBD91D0FA87F00D39072 /* JSONParsable.swift */; };
		33B7EBDC1D0FAF6B00D39072 /* MapViewController.swift in Sources */ = {isa = PBXBuildFile; fileRef = 33B7EBDB1D0FAF6B00D39072 /* MapViewController.swift */; };
		33C9BFB21D07CEB7001917CE /* SideMenuTableViewController.swift in Sources */ = {isa = PBXBuildFile; fileRef = 33C9BFB11D07CEB7001917CE /* SideMenuTableViewController.swift */; };
		33C9BFB41D07E12C001917CE /* SideMenuTableViewCell.swift in Sources */ = {isa = PBXBuildFile; fileRef = 33C9BFB31D07E12C001917CE /* SideMenuTableViewCell.swift */; };
		33C9BFBB1D080481001917CE /* HistoryViewController.swift in Sources */ = {isa = PBXBuildFile; fileRef = 33C9BFBA1D080481001917CE /* HistoryViewController.swift */; };
		33D86FAB1D1311E200F7163B /* RunDataTableViewGapCell.swift in Sources */ = {isa = PBXBuildFile; fileRef = 33D86FAA1D1311E200F7163B /* RunDataTableViewGapCell.swift */; };
		33D86FAD1D13120100F7163B /* RunDataTableViewCell.swift in Sources */ = {isa = PBXBuildFile; fileRef = 33D86FAC1D13120100F7163B /* RunDataTableViewCell.swift */; };
		33D86FAF1D13C83F00F7163B /* BikeModelHelper.swift in Sources */ = {isa = PBXBuildFile; fileRef = 33D86FAE1D13C83F00F7163B /* BikeModelHelper.swift */; };
		33F89B031D0E599C00993678 /* DataTaipeiManager.swift in Sources */ = {isa = PBXBuildFile; fileRef = 33F89B021D0E599C00993678 /* DataTaipeiManager.swift */; };
		33F89B051D0E5E1B00993678 /* ToiletModel.swift in Sources */ = {isa = PBXBuildFile; fileRef = 33F89B041D0E5E1B00993678 /* ToiletModel.swift */; };
		33F89B071D0E60B900993678 /* BikeModel.swift in Sources */ = {isa = PBXBuildFile; fileRef = 33F89B061D0E60B900993678 /* BikeModel.swift */; };
		33F89B0B1D0E940A00993678 /* Router.swift in Sources */ = {isa = PBXBuildFile; fileRef = 33F89B0A1D0E940A00993678 /* Router.swift */; };
		33F89B0D1D0EA15300993678 /* ToiletModelHelper.swift in Sources */ = {isa = PBXBuildFile; fileRef = 33F89B0C1D0EA15300993678 /* ToiletModelHelper.swift */; };
/* End PBXBuildFile section */

/* Begin PBXFileReference section */
		22499F2388DB7E6076574D5B /* Pods.debug.xcconfig */ = {isa = PBXFileReference; includeInIndex = 1; lastKnownFileType = text.xcconfig; name = Pods.debug.xcconfig; path = "Pods/Target Support Files/Pods/Pods.debug.xcconfig"; sourceTree = "<group>"; };
		332278AE1CF4242400C793C7 /* NewRecordViewController.swift */ = {isa = PBXFileReference; fileEncoding = 4; lastKnownFileType = sourcecode.swift; path = NewRecordViewController.swift; sourceTree = "<group>"; };
		333B768D1D0163BE0026BC1B /* LoginViewController.swift */ = {isa = PBXFileReference; fileEncoding = 4; lastKnownFileType = sourcecode.swift; path = LoginViewController.swift; sourceTree = "<group>"; };
		334839401CF6CE8200C94FCB /* buttonPlayAndPause.swift */ = {isa = PBXFileReference; fileEncoding = 4; lastKnownFileType = sourcecode.swift; path = buttonPlayAndPause.swift; sourceTree = "<group>"; };
		334E0D371D05135D00F352BE /* Bridging-Header.h */ = {isa = PBXFileReference; lastKnownFileType = sourcecode.c.h; path = "Bridging-Header.h"; sourceTree = "<group>"; };
		336E30341CF361EC006195B5 /* RobotoMono-Bold.ttf */ = {isa = PBXFileReference; lastKnownFileType = file; path = "RobotoMono-Bold.ttf"; sourceTree = "<group>"; };
		336E30351CF361EC006195B5 /* RobotoMono-BoldItalic.ttf */ = {isa = PBXFileReference; lastKnownFileType = file; path = "RobotoMono-BoldItalic.ttf"; sourceTree = "<group>"; };
		336E30361CF361EC006195B5 /* RobotoMono-Italic.ttf */ = {isa = PBXFileReference; lastKnownFileType = file; path = "RobotoMono-Italic.ttf"; sourceTree = "<group>"; };
		336E30371CF361EC006195B5 /* RobotoMono-Light.ttf */ = {isa = PBXFileReference; lastKnownFileType = file; path = "RobotoMono-Light.ttf"; sourceTree = "<group>"; };
		336E30381CF361EC006195B5 /* RobotoMono-LightItalic.ttf */ = {isa = PBXFileReference; lastKnownFileType = file; path = "RobotoMono-LightItalic.ttf"; sourceTree = "<group>"; };
		336E30391CF361EC006195B5 /* RobotoMono-Medium.ttf */ = {isa = PBXFileReference; lastKnownFileType = file; path = "RobotoMono-Medium.ttf"; sourceTree = "<group>"; };
		336E303A1CF361EC006195B5 /* RobotoMono-MediumItalic.ttf */ = {isa = PBXFileReference; lastKnownFileType = file; path = "RobotoMono-MediumItalic.ttf"; sourceTree = "<group>"; };
		336E303B1CF361EC006195B5 /* RobotoMono-Regular.ttf */ = {isa = PBXFileReference; lastKnownFileType = file; path = "RobotoMono-Regular.ttf"; sourceTree = "<group>"; };
		336E303C1CF361EC006195B5 /* RobotoMono-Thin.ttf */ = {isa = PBXFileReference; lastKnownFileType = file; path = "RobotoMono-Thin.ttf"; sourceTree = "<group>"; };
		336E303D1CF361EC006195B5 /* RobotoMono-ThinItalic.ttf */ = {isa = PBXFileReference; lastKnownFileType = file; path = "RobotoMono-ThinItalic.ttf"; sourceTree = "<group>"; };
		337471251CFE85E600E0C5D0 /* Record+CoreDataProperties.swift */ = {isa = PBXFileReference; fileEncoding = 4; lastKnownFileType = sourcecode.swift; path = "Record+CoreDataProperties.swift"; sourceTree = "<group>"; };
		337471261CFE85E600E0C5D0 /* Record.swift */ = {isa = PBXFileReference; fileEncoding = 4; lastKnownFileType = sourcecode.swift; path = Record.swift; sourceTree = "<group>"; };
		3374712A1CFECBEE00E0C5D0 /* DataController.swift */ = {isa = PBXFileReference; fileEncoding = 4; lastKnownFileType = sourcecode.swift; path = DataController.swift; sourceTree = "<group>"; };
		33847AC81D0017D8009B2AB4 /* StatisticViewController.swift */ = {isa = PBXFileReference; fileEncoding = 4; lastKnownFileType = sourcecode.swift; path = StatisticViewController.swift; sourceTree = "<group>"; };
		33847ACA1D00234A009B2AB4 /* MainNavigationController.swift */ = {isa = PBXFileReference; fileEncoding = 4; lastKnownFileType = sourcecode.swift; path = MainNavigationController.swift; sourceTree = "<group>"; };
		338641861D130C6700A550D2 /* RunDataModel.swift */ = {isa = PBXFileReference; fileEncoding = 4; lastKnownFileType = sourcecode.swift; path = RunDataModel.swift; sourceTree = "<group>"; };
		338641881D130DE000A550D2 /* RunDataTableViewCell.xib */ = {isa = PBXFileReference; fileEncoding = 4; lastKnownFileType = file.xib; path = RunDataTableViewCell.xib; sourceTree = "<group>"; };
		3386418A1D130DF900A550D2 /* RunDataTableViewGapCell.xib */ = {isa = PBXFileReference; fileEncoding = 4; lastKnownFileType = file.xib; path = RunDataTableViewGapCell.xib; sourceTree = "<group>"; };
		33AAF0661CF2A4B500F14E31 /* Mr-Ride-iOS.app */ = {isa = PBXFileReference; explicitFileType = wrapper.application; includeInIndex = 0; path = "Mr-Ride-iOS.app"; sourceTree = BUILT_PRODUCTS_DIR; };
		33AAF0691CF2A4B600F14E31 /* AppDelegate.swift */ = {isa = PBXFileReference; lastKnownFileType = sourcecode.swift; path = AppDelegate.swift; sourceTree = "<group>"; };
		33AAF06B1CF2A4B600F14E31 /* HomeViewController.swift */ = {isa = PBXFileReference; lastKnownFileType = sourcecode.swift; path = HomeViewController.swift; sourceTree = "<group>"; };
		33AAF06E1CF2A4B600F14E31 /* Base */ = {isa = PBXFileReference; lastKnownFileType = file.storyboard; name = Base; path = Base.lproj/Main.storyboard; sourceTree = "<group>"; };
		33AAF0711CF2A4B600F14E31 /* Mr_Ride_iOS.xcdatamodel */ = {isa = PBXFileReference; lastKnownFileType = wrapper.xcdatamodel; path = Mr_Ride_iOS.xcdatamodel; sourceTree = "<group>"; };
		33AAF0731CF2A4B600F14E31 /* Assets.xcassets */ = {isa = PBXFileReference; lastKnownFileType = folder.assetcatalog; path = Assets.xcassets; sourceTree = "<group>"; };
		33AAF0761CF2A4B600F14E31 /* Base */ = {isa = PBXFileReference; lastKnownFileType = file.storyboard; name = Base; path = Base.lproj/LaunchScreen.storyboard; sourceTree = "<group>"; };
		33AAF0781CF2A4B600F14E31 /* Info.plist */ = {isa = PBXFileReference; lastKnownFileType = text.plist.xml; path = Info.plist; sourceTree = "<group>"; };
		33ADF1121CF2B3F900BA6BAF /* MRColor.swift */ = {isa = PBXFileReference; fileEncoding = 4; lastKnownFileType = sourcecode.swift; path = MRColor.swift; sourceTree = "<group>"; };
		33ADF1131CF2B3F900BA6BAF /* MRFont.swift */ = {isa = PBXFileReference; fileEncoding = 4; lastKnownFileType = sourcecode.swift; path = MRFont.swift; sourceTree = "<group>"; };
		33B7EBD91D0FA87F00D39072 /* JSONParsable.swift */ = {isa = PBXFileReference; fileEncoding = 4; lastKnownFileType = sourcecode.swift; path = JSONParsable.swift; sourceTree = "<group>"; };
		33B7EBDB1D0FAF6B00D39072 /* MapViewController.swift */ = {isa = PBXFileReference; fileEncoding = 4; lastKnownFileType = sourcecode.swift; path = MapViewController.swift; sourceTree = "<group>"; };
		33C9BFB11D07CEB7001917CE /* SideMenuTableViewController.swift */ = {isa = PBXFileReference; fileEncoding = 4; lastKnownFileType = sourcecode.swift; path = SideMenuTableViewController.swift; sourceTree = "<group>"; };
		33C9BFB31D07E12C001917CE /* SideMenuTableViewCell.swift */ = {isa = PBXFileReference; fileEncoding = 4; lastKnownFileType = sourcecode.swift; path = SideMenuTableViewCell.swift; sourceTree = "<group>"; };
		33C9BFBA1D080481001917CE /* HistoryViewController.swift */ = {isa = PBXFileReference; fileEncoding = 4; lastKnownFileType = sourcecode.swift; path = HistoryViewController.swift; sourceTree = "<group>"; };
		33D86FAA1D1311E200F7163B /* RunDataTableViewGapCell.swift */ = {isa = PBXFileReference; fileEncoding = 4; lastKnownFileType = sourcecode.swift; path = RunDataTableViewGapCell.swift; sourceTree = "<group>"; };
		33D86FAC1D13120100F7163B /* RunDataTableViewCell.swift */ = {isa = PBXFileReference; fileEncoding = 4; lastKnownFileType = sourcecode.swift; path = RunDataTableViewCell.swift; sourceTree = "<group>"; };
		33D86FAE1D13C83F00F7163B /* BikeModelHelper.swift */ = {isa = PBXFileReference; fileEncoding = 4; lastKnownFileType = sourcecode.swift; path = BikeModelHelper.swift; sourceTree = "<group>"; };
		33F89B021D0E599C00993678 /* DataTaipeiManager.swift */ = {isa = PBXFileReference; fileEncoding = 4; lastKnownFileType = sourcecode.swift; path = DataTaipeiManager.swift; sourceTree = "<group>"; };
		33F89B041D0E5E1B00993678 /* ToiletModel.swift */ = {isa = PBXFileReference; fileEncoding = 4; lastKnownFileType = sourcecode.swift; path = ToiletModel.swift; sourceTree = "<group>"; };
		33F89B061D0E60B900993678 /* BikeModel.swift */ = {isa = PBXFileReference; fileEncoding = 4; lastKnownFileType = sourcecode.swift; path = BikeModel.swift; sourceTree = "<group>"; };
		33F89B0A1D0E940A00993678 /* Router.swift */ = {isa = PBXFileReference; fileEncoding = 4; lastKnownFileType = sourcecode.swift; path = Router.swift; sourceTree = "<group>"; };
		33F89B0C1D0EA15300993678 /* ToiletModelHelper.swift */ = {isa = PBXFileReference; fileEncoding = 4; lastKnownFileType = sourcecode.swift; path = ToiletModelHelper.swift; sourceTree = "<group>"; };
		8FF2A223A5D06F20F66D6658 /* Pods.release.xcconfig */ = {isa = PBXFileReference; includeInIndex = 1; lastKnownFileType = text.xcconfig; name = Pods.release.xcconfig; path = "Pods/Target Support Files/Pods/Pods.release.xcconfig"; sourceTree = "<group>"; };
		E1CE9D294D68EE5D440812D4 /* Pods.framework */ = {isa = PBXFileReference; explicitFileType = wrapper.framework; includeInIndex = 0; path = Pods.framework; sourceTree = BUILT_PRODUCTS_DIR; };
/* End PBXFileReference section */

/* Begin PBXFrameworksBuildPhase section */
		33AAF0631CF2A4B500F14E31 /* Frameworks */ = {
			isa = PBXFrameworksBuildPhase;
			buildActionMask = 2147483647;
			files = (
				1516CF0D575DFEF43D6F360A /* Pods.framework in Frameworks */,
			);
			runOnlyForDeploymentPostprocessing = 0;
		};
/* End PBXFrameworksBuildPhase section */

/* Begin PBXGroup section */
		336E30331CF3614A006195B5 /* Fonts */ = {
			isa = PBXGroup;
			children = (
				336E30341CF361EC006195B5 /* RobotoMono-Bold.ttf */,
				336E30351CF361EC006195B5 /* RobotoMono-BoldItalic.ttf */,
				336E30361CF361EC006195B5 /* RobotoMono-Italic.ttf */,
				336E30371CF361EC006195B5 /* RobotoMono-Light.ttf */,
				336E30381CF361EC006195B5 /* RobotoMono-LightItalic.ttf */,
				336E30391CF361EC006195B5 /* RobotoMono-Medium.ttf */,
				336E303A1CF361EC006195B5 /* RobotoMono-MediumItalic.ttf */,
				336E303B1CF361EC006195B5 /* RobotoMono-Regular.ttf */,
				336E303C1CF361EC006195B5 /* RobotoMono-Thin.ttf */,
				336E303D1CF361EC006195B5 /* RobotoMono-ThinItalic.ttf */,
			);
			name = Fonts;
			sourceTree = "<group>";
		};
		337471291CFE85ED00E0C5D0 /* CoreData */ = {
			isa = PBXGroup;
			children = (
				337471251CFE85E600E0C5D0 /* Record+CoreDataProperties.swift */,
				337471261CFE85E600E0C5D0 /* Record.swift */,
				33AAF0701CF2A4B600F14E31 /* Mr_Ride_iOS.xcdatamodeld */,
			);
			name = CoreData;
			sourceTree = "<group>";
		};
		33AAF05D1CF2A4B500F14E31 = {
			isa = PBXGroup;
			children = (
				33AAF0681CF2A4B500F14E31 /* Mr-Ride-iOS */,
				33AAF0671CF2A4B500F14E31 /* Products */,
				BBF4155BE1B999A61267680F /* Pods */,
				8185DDF3445D60EE32657731 /* Frameworks */,
			);
			sourceTree = "<group>";
		};
		33AAF0671CF2A4B500F14E31 /* Products */ = {
			isa = PBXGroup;
			children = (
				33AAF0661CF2A4B500F14E31 /* Mr-Ride-iOS.app */,
			);
			name = Products;
			sourceTree = "<group>";
		};
		33AAF0681CF2A4B500F14E31 /* Mr-Ride-iOS */ = {
			isa = PBXGroup;
			children = (
				33B7EBD81D0FA83300D39072 /* Protocols */,
				33F89B011D0E581900993678 /* Map */,
				33E0E3461D090E0400FCC526 /* History */,
				33C9BFB51D07E132001917CE /* SideMenu */,
				337471291CFE85ED00E0C5D0 /* CoreData */,
				33AF78DA1CFD62D70045A555 /* NewRecords */,
				33ADF1111CF2B3DA00BA6BAF /* Resources */,
				33AAF0691CF2A4B600F14E31 /* AppDelegate.swift */,
				334E0D371D05135D00F352BE /* Bridging-Header.h */,
				33AAF06B1CF2A4B600F14E31 /* HomeViewController.swift */,
				33AAF06D1CF2A4B600F14E31 /* Main.storyboard */,
				33AAF0731CF2A4B600F14E31 /* Assets.xcassets */,
				33AAF0751CF2A4B600F14E31 /* LaunchScreen.storyboard */,
				33AAF0781CF2A4B600F14E31 /* Info.plist */,
				3374712A1CFECBEE00E0C5D0 /* DataController.swift */,
				33847AC81D0017D8009B2AB4 /* StatisticViewController.swift */,
				33847ACA1D00234A009B2AB4 /* MainNavigationController.swift */,
				333B768D1D0163BE0026BC1B /* LoginViewController.swift */,
			);
			path = "Mr-Ride-iOS";
			sourceTree = "<group>";
		};
		33ADF1111CF2B3DA00BA6BAF /* Resources */ = {
			isa = PBXGroup;
			children = (
				336E30331CF3614A006195B5 /* Fonts */,
				33ADF1121CF2B3F900BA6BAF /* MRColor.swift */,
				33ADF1131CF2B3F900BA6BAF /* MRFont.swift */,
			);
			name = Resources;
			sourceTree = "<group>";
		};
		33AF78DA1CFD62D70045A555 /* NewRecords */ = {
			isa = PBXGroup;
			children = (
				334839401CF6CE8200C94FCB /* buttonPlayAndPause.swift */,
				332278AE1CF4242400C793C7 /* NewRecordViewController.swift */,
			);
			name = NewRecords;
			sourceTree = "<group>";
		};
		33B7EBD81D0FA83300D39072 /* Protocols */ = {
			isa = PBXGroup;
			children = (
				33B7EBD91D0FA87F00D39072 /* JSONParsable.swift */,
			);
			name = Protocols;
			sourceTree = "<group>";
		};
		33C9BFB51D07E132001917CE /* SideMenu */ = {
			isa = PBXGroup;
			children = (
				33C9BFB11D07CEB7001917CE /* SideMenuTableViewController.swift */,
				33C9BFB31D07E12C001917CE /* SideMenuTableViewCell.swift */,
			);
			name = SideMenu;
			sourceTree = "<group>";
		};
		33E0E3461D090E0400FCC526 /* History */ = {
			isa = PBXGroup;
			children = (
				338641881D130DE000A550D2 /* RunDataTableViewCell.xib */,
				3386418A1D130DF900A550D2 /* RunDataTableViewGapCell.xib */,
				33C9BFBA1D080481001917CE /* HistoryViewController.swift */,
				338641861D130C6700A550D2 /* RunDataModel.swift */,
				33D86FAA1D1311E200F7163B /* RunDataTableViewGapCell.swift */,
				33D86FAC1D13120100F7163B /* RunDataTableViewCell.swift */,
			);
			name = History;
			sourceTree = "<group>";
		};
		33F89B011D0E581900993678 /* Map */ = {
			isa = PBXGroup;
			children = (
				33F89B021D0E599C00993678 /* DataTaipeiManager.swift */,
				33F89B041D0E5E1B00993678 /* ToiletModel.swift */,
				33F89B061D0E60B900993678 /* BikeModel.swift */,
				33F89B0A1D0E940A00993678 /* Router.swift */,
				33F89B0C1D0EA15300993678 /* ToiletModelHelper.swift */,
				33B7EBDB1D0FAF6B00D39072 /* MapViewController.swift */,
				33D86FAE1D13C83F00F7163B /* BikeModelHelper.swift */,
			);
			name = Map;
			sourceTree = "<group>";
		};
		8185DDF3445D60EE32657731 /* Frameworks */ = {
			isa = PBXGroup;
			children = (
				E1CE9D294D68EE5D440812D4 /* Pods.framework */,
			);
			name = Frameworks;
			sourceTree = "<group>";
		};
		BBF4155BE1B999A61267680F /* Pods */ = {
			isa = PBXGroup;
			children = (
				22499F2388DB7E6076574D5B /* Pods.debug.xcconfig */,
				8FF2A223A5D06F20F66D6658 /* Pods.release.xcconfig */,
			);
			name = Pods;
			sourceTree = "<group>";
		};
/* End PBXGroup section */

/* Begin PBXNativeTarget section */
		33AAF0651CF2A4B500F14E31 /* Mr-Ride-iOS */ = {
			isa = PBXNativeTarget;
			buildConfigurationList = 33AAF07B1CF2A4B600F14E31 /* Build configuration list for PBXNativeTarget "Mr-Ride-iOS" */;
			buildPhases = (
				BF1667B8242C37E9795555BA /* Check Pods Manifest.lock */,
				33AAF0621CF2A4B500F14E31 /* Sources */,
				33AAF0631CF2A4B500F14E31 /* Frameworks */,
				33AAF0641CF2A4B500F14E31 /* Resources */,
				380A7D81E0E64576BFCB8BCC /* Embed Pods Frameworks */,
				161489FC8A79D7D9063BB760 /* Copy Pods Resources */,
			);
			buildRules = (
			);
			dependencies = (
			);
			name = "Mr-Ride-iOS";
			productName = "Mr-Ride-iOS";
			productReference = 33AAF0661CF2A4B500F14E31 /* Mr-Ride-iOS.app */;
			productType = "com.apple.product-type.application";
		};
/* End PBXNativeTarget section */

/* Begin PBXProject section */
		33AAF05E1CF2A4B500F14E31 /* Project object */ = {
			isa = PBXProject;
			attributes = {
				LastSwiftUpdateCheck = 0730;
				LastUpgradeCheck = 0730;
				ORGANIZATIONNAME = "Appworks School Weikz";
				TargetAttributes = {
					33AAF0651CF2A4B500F14E31 = {
						CreatedOnToolsVersion = 7.3.1;
						DevelopmentTeam = A5HG7F7JG8;
					};
				};
			};
			buildConfigurationList = 33AAF0611CF2A4B500F14E31 /* Build configuration list for PBXProject "Mr-Ride-iOS" */;
			compatibilityVersion = "Xcode 3.2";
			developmentRegion = English;
			hasScannedForEncodings = 0;
			knownRegions = (
				en,
				Base,
			);
			mainGroup = 33AAF05D1CF2A4B500F14E31;
			productRefGroup = 33AAF0671CF2A4B500F14E31 /* Products */;
			projectDirPath = "";
			projectRoot = "";
			targets = (
				33AAF0651CF2A4B500F14E31 /* Mr-Ride-iOS */,
			);
		};
/* End PBXProject section */

/* Begin PBXResourcesBuildPhase section */
		33AAF0641CF2A4B500F14E31 /* Resources */ = {
			isa = PBXResourcesBuildPhase;
			buildActionMask = 2147483647;
			files = (
				33AAF0771CF2A4B600F14E31 /* LaunchScreen.storyboard in Resources */,
				33AAF0741CF2A4B600F14E31 /* Assets.xcassets in Resources */,
				336E30411CF361EC006195B5 /* RobotoMono-Light.ttf in Resources */,
				338641891D130DE000A550D2 /* RunDataTableViewCell.xib in Resources */,
				33AAF06F1CF2A4B600F14E31 /* Main.storyboard in Resources */,
				336E303E1CF361EC006195B5 /* RobotoMono-Bold.ttf in Resources */,
				336E30461CF361EC006195B5 /* RobotoMono-Thin.ttf in Resources */,
				336E30401CF361EC006195B5 /* RobotoMono-Italic.ttf in Resources */,
				336E303F1CF361EC006195B5 /* RobotoMono-BoldItalic.ttf in Resources */,
				336E30431CF361EC006195B5 /* RobotoMono-Medium.ttf in Resources */,
				3386418B1D130DF900A550D2 /* RunDataTableViewGapCell.xib in Resources */,
				336E30421CF361EC006195B5 /* RobotoMono-LightItalic.ttf in Resources */,
				336E30471CF361EC006195B5 /* RobotoMono-ThinItalic.ttf in Resources */,
				336E30451CF361EC006195B5 /* RobotoMono-Regular.ttf in Resources */,
				336E30441CF361EC006195B5 /* RobotoMono-MediumItalic.ttf in Resources */,
			);
			runOnlyForDeploymentPostprocessing = 0;
		};
/* End PBXResourcesBuildPhase section */

/* Begin PBXShellScriptBuildPhase section */
		161489FC8A79D7D9063BB760 /* Copy Pods Resources */ = {
			isa = PBXShellScriptBuildPhase;
			buildActionMask = 2147483647;
			files = (
			);
			inputPaths = (
			);
			name = "Copy Pods Resources";
			outputPaths = (
			);
			runOnlyForDeploymentPostprocessing = 0;
			shellPath = /bin/sh;
			shellScript = "\"${SRCROOT}/Pods/Target Support Files/Pods/Pods-resources.sh\"\n";
			showEnvVarsInLog = 0;
		};
		380A7D81E0E64576BFCB8BCC /* Embed Pods Frameworks */ = {
			isa = PBXShellScriptBuildPhase;
			buildActionMask = 2147483647;
			files = (
			);
			inputPaths = (
			);
			name = "Embed Pods Frameworks";
			outputPaths = (
			);
			runOnlyForDeploymentPostprocessing = 0;
			shellPath = /bin/sh;
			shellScript = "\"${SRCROOT}/Pods/Target Support Files/Pods/Pods-frameworks.sh\"\n";
			showEnvVarsInLog = 0;
		};
		BF1667B8242C37E9795555BA /* Check Pods Manifest.lock */ = {
			isa = PBXShellScriptBuildPhase;
			buildActionMask = 2147483647;
			files = (
			);
			inputPaths = (
			);
			name = "Check Pods Manifest.lock";
			outputPaths = (
			);
			runOnlyForDeploymentPostprocessing = 0;
			shellPath = /bin/sh;
			shellScript = "diff \"${PODS_ROOT}/../Podfile.lock\" \"${PODS_ROOT}/Manifest.lock\" > /dev/null\nif [[ $? != 0 ]] ; then\n    cat << EOM\nerror: The sandbox is not in sync with the Podfile.lock. Run 'pod install' or update your CocoaPods installation.\nEOM\n    exit 1\nfi\n";
			showEnvVarsInLog = 0;
		};
/* End PBXShellScriptBuildPhase section */

/* Begin PBXSourcesBuildPhase section */
		33AAF0621CF2A4B500F14E31 /* Sources */ = {
			isa = PBXSourcesBuildPhase;
			buildActionMask = 2147483647;
			files = (
				33C9BFB41D07E12C001917CE /* SideMenuTableViewCell.swift in Sources */,
				332278AF1CF4242400C793C7 /* NewRecordViewController.swift in Sources */,
				33AAF06C1CF2A4B600F14E31 /* HomeViewController.swift in Sources */,
				33D86FAF1D13C83F00F7163B /* BikeModelHelper.swift in Sources */,
				337471281CFE85E600E0C5D0 /* Record.swift in Sources */,
				33847AC91D0017D8009B2AB4 /* StatisticViewController.swift in Sources */,
				33ADF1151CF2B3F900BA6BAF /* MRFont.swift in Sources */,
				33AAF06A1CF2A4B600F14E31 /* AppDelegate.swift in Sources */,
				33C9BFBB1D080481001917CE /* HistoryViewController.swift in Sources */,
				33847ACB1D00234A009B2AB4 /* MainNavigationController.swift in Sources */,
				33B7EBDC1D0FAF6B00D39072 /* MapViewController.swift in Sources */,
				337471271CFE85E600E0C5D0 /* Record+CoreDataProperties.swift in Sources */,
				33ADF1141CF2B3F900BA6BAF /* MRColor.swift in Sources */,
				334839411CF6CE8200C94FCB /* buttonPlayAndPause.swift in Sources */,
				33D86FAD1D13120100F7163B /* RunDataTableViewCell.swift in Sources */,
				33F89B0B1D0E940A00993678 /* Router.swift in Sources */,
				33F89B031D0E599C00993678 /* DataTaipeiManager.swift in Sources */,
				3374712B1CFECBEE00E0C5D0 /* DataController.swift in Sources */,
				33F89B071D0E60B900993678 /* BikeModel.swift in Sources */,
				333B768E1D0163BE0026BC1B /* LoginViewController.swift in Sources */,
				33AAF0721CF2A4B600F14E31 /* Mr_Ride_iOS.xcdatamodeld in Sources */,
				33F89B051D0E5E1B00993678 /* ToiletModel.swift in Sources */,
				33B7EBDA1D0FA87F00D39072 /* JSONParsable.swift in Sources */,
				33D86FAB1D1311E200F7163B /* RunDataTableViewGapCell.swift in Sources */,
				338641871D130C6700A550D2 /* RunDataModel.swift in Sources */,
				33F89B0D1D0EA15300993678 /* ToiletModelHelper.swift in Sources */,
				33C9BFB21D07CEB7001917CE /* SideMenuTableViewController.swift in Sources */,
			);
			runOnlyForDeploymentPostprocessing = 0;
		};
/* End PBXSourcesBuildPhase section */

/* Begin PBXVariantGroup section */
		33AAF06D1CF2A4B600F14E31 /* Main.storyboard */ = {
			isa = PBXVariantGroup;
			children = (
				33AAF06E1CF2A4B600F14E31 /* Base */,
			);
			name = Main.storyboard;
			sourceTree = "<group>";
		};
		33AAF0751CF2A4B600F14E31 /* LaunchScreen.storyboard */ = {
			isa = PBXVariantGroup;
			children = (
				33AAF0761CF2A4B600F14E31 /* Base */,
			);
			name = LaunchScreen.storyboard;
			sourceTree = "<group>";
		};
/* End PBXVariantGroup section */

/* Begin XCBuildConfiguration section */
		33AAF0791CF2A4B600F14E31 /* Debug */ = {
			isa = XCBuildConfiguration;
			buildSettings = {
				ALWAYS_SEARCH_USER_PATHS = NO;
				CLANG_ANALYZER_NONNULL = YES;
				CLANG_CXX_LANGUAGE_STANDARD = "gnu++0x";
				CLANG_CXX_LIBRARY = "libc++";
				CLANG_ENABLE_MODULES = YES;
				CLANG_ENABLE_OBJC_ARC = YES;
				CLANG_WARN_BOOL_CONVERSION = YES;
				CLANG_WARN_CONSTANT_CONVERSION = YES;
				CLANG_WARN_DIRECT_OBJC_ISA_USAGE = YES_ERROR;
				CLANG_WARN_EMPTY_BODY = YES;
				CLANG_WARN_ENUM_CONVERSION = YES;
				CLANG_WARN_INT_CONVERSION = YES;
				CLANG_WARN_OBJC_ROOT_CLASS = YES_ERROR;
				CLANG_WARN_UNREACHABLE_CODE = YES;
				CLANG_WARN__DUPLICATE_METHOD_MATCH = YES;
				"CODE_SIGN_IDENTITY[sdk=iphoneos*]" = "iPhone Developer";
				COPY_PHASE_STRIP = NO;
				DEBUG_INFORMATION_FORMAT = dwarf;
				ENABLE_STRICT_OBJC_MSGSEND = YES;
				ENABLE_TESTABILITY = YES;
				GCC_C_LANGUAGE_STANDARD = gnu99;
				GCC_DYNAMIC_NO_PIC = NO;
				GCC_NO_COMMON_BLOCKS = YES;
				GCC_OPTIMIZATION_LEVEL = 0;
				GCC_PREPROCESSOR_DEFINITIONS = (
					"DEBUG=1",
					"$(inherited)",
				);
				GCC_WARN_64_TO_32_BIT_CONVERSION = YES;
				GCC_WARN_ABOUT_RETURN_TYPE = YES_ERROR;
				GCC_WARN_UNDECLARED_SELECTOR = YES;
				GCC_WARN_UNINITIALIZED_AUTOS = YES_AGGRESSIVE;
				GCC_WARN_UNUSED_FUNCTION = YES;
				GCC_WARN_UNUSED_VARIABLE = YES;
				IPHONEOS_DEPLOYMENT_TARGET = 9.3;
				MTL_ENABLE_DEBUG_INFO = YES;
				ONLY_ACTIVE_ARCH = YES;
				SDKROOT = iphoneos;
				SWIFT_OPTIMIZATION_LEVEL = "-Onone";
			};
			name = Debug;
		};
		33AAF07A1CF2A4B600F14E31 /* Release */ = {
			isa = XCBuildConfiguration;
			buildSettings = {
				ALWAYS_SEARCH_USER_PATHS = NO;
				CLANG_ANALYZER_NONNULL = YES;
				CLANG_CXX_LANGUAGE_STANDARD = "gnu++0x";
				CLANG_CXX_LIBRARY = "libc++";
				CLANG_ENABLE_MODULES = YES;
				CLANG_ENABLE_OBJC_ARC = YES;
				CLANG_WARN_BOOL_CONVERSION = YES;
				CLANG_WARN_CONSTANT_CONVERSION = YES;
				CLANG_WARN_DIRECT_OBJC_ISA_USAGE = YES_ERROR;
				CLANG_WARN_EMPTY_BODY = YES;
				CLANG_WARN_ENUM_CONVERSION = YES;
				CLANG_WARN_INT_CONVERSION = YES;
				CLANG_WARN_OBJC_ROOT_CLASS = YES_ERROR;
				CLANG_WARN_UNREACHABLE_CODE = YES;
				CLANG_WARN__DUPLICATE_METHOD_MATCH = YES;
				"CODE_SIGN_IDENTITY[sdk=iphoneos*]" = "iPhone Developer";
				COPY_PHASE_STRIP = NO;
				DEBUG_INFORMATION_FORMAT = "dwarf-with-dsym";
				ENABLE_NS_ASSERTIONS = NO;
				ENABLE_STRICT_OBJC_MSGSEND = YES;
				GCC_C_LANGUAGE_STANDARD = gnu99;
				GCC_NO_COMMON_BLOCKS = YES;
				GCC_WARN_64_TO_32_BIT_CONVERSION = YES;
				GCC_WARN_ABOUT_RETURN_TYPE = YES_ERROR;
				GCC_WARN_UNDECLARED_SELECTOR = YES;
				GCC_WARN_UNINITIALIZED_AUTOS = YES_AGGRESSIVE;
				GCC_WARN_UNUSED_FUNCTION = YES;
				GCC_WARN_UNUSED_VARIABLE = YES;
				IPHONEOS_DEPLOYMENT_TARGET = 9.3;
				MTL_ENABLE_DEBUG_INFO = NO;
				SDKROOT = iphoneos;
				VALIDATE_PRODUCT = YES;
			};
			name = Release;
		};
		33AAF07C1CF2A4B600F14E31 /* Debug */ = {
			isa = XCBuildConfiguration;
			baseConfigurationReference = 22499F2388DB7E6076574D5B /* Pods.debug.xcconfig */;
			buildSettings = {
				ASSETCATALOG_COMPILER_APPICON_NAME = AppIcon;
				INFOPLIST_FILE = "Mr-Ride-iOS/Info.plist";
				IPHONEOS_DEPLOYMENT_TARGET = 9.3;
				LD_RUNPATH_SEARCH_PATHS = "$(inherited) @executable_path/Frameworks";
				PRODUCT_BUNDLE_IDENTIFIER = "com.appworks-school-weikz.Mr-Ride-iOS";
				PRODUCT_NAME = "$(TARGET_NAME)";
				SWIFT_OBJC_BRIDGING_HEADER = "Mr-Ride-iOS/Bridging-Header.h";
				TARGETED_DEVICE_FAMILY = 1;
			};
			name = Debug;
		};
		33AAF07D1CF2A4B600F14E31 /* Release */ = {
			isa = XCBuildConfiguration;
			baseConfigurationReference = 8FF2A223A5D06F20F66D6658 /* Pods.release.xcconfig */;
			buildSettings = {
				ASSETCATALOG_COMPILER_APPICON_NAME = AppIcon;
				INFOPLIST_FILE = "Mr-Ride-iOS/Info.plist";
				IPHONEOS_DEPLOYMENT_TARGET = 9.3;
				LD_RUNPATH_SEARCH_PATHS = "$(inherited) @executable_path/Frameworks";
				PRODUCT_BUNDLE_IDENTIFIER = "com.appworks-school-weikz.Mr-Ride-iOS";
				PRODUCT_NAME = "$(TARGET_NAME)";
				SWIFT_OBJC_BRIDGING_HEADER = "Mr-Ride-iOS/Bridging-Header.h";
				TARGETED_DEVICE_FAMILY = 1;
			};
			name = Release;
		};
/* End XCBuildConfiguration section */

/* Begin XCConfigurationList section */
		33AAF0611CF2A4B500F14E31 /* Build configuration list for PBXProject "Mr-Ride-iOS" */ = {
			isa = XCConfigurationList;
			buildConfigurations = (
				33AAF0791CF2A4B600F14E31 /* Debug */,
				33AAF07A1CF2A4B600F14E31 /* Release */,
			);
			defaultConfigurationIsVisible = 0;
			defaultConfigurationName = Release;
		};
		33AAF07B1CF2A4B600F14E31 /* Build configuration list for PBXNativeTarget "Mr-Ride-iOS" */ = {
			isa = XCConfigurationList;
			buildConfigurations = (
				33AAF07C1CF2A4B600F14E31 /* Debug */,
				33AAF07D1CF2A4B600F14E31 /* Release */,
			);
			defaultConfigurationIsVisible = 0;
			defaultConfigurationName = Release;
		};
/* End XCConfigurationList section */

/* Begin XCVersionGroup section */
		33AAF0701CF2A4B600F14E31 /* Mr_Ride_iOS.xcdatamodeld */ = {
			isa = XCVersionGroup;
			children = (
				33AAF0711CF2A4B600F14E31 /* Mr_Ride_iOS.xcdatamodel */,
			);
			currentVersion = 33AAF0711CF2A4B600F14E31 /* Mr_Ride_iOS.xcdatamodel */;
			path = Mr_Ride_iOS.xcdatamodeld;
			sourceTree = "<group>";
			versionGroupType = wrapper.xcdatamodel;
		};
/* End XCVersionGroup section */
	};
	rootObject = 33AAF05E1CF2A4B500F14E31 /* Project object */;
}
