// !$*UTF8*$!
{
	archiveVersion = 1;
	classes = {
	};
	objectVersion = 46;
	objects = {

/* Begin PBXBuildFile section */
		33AAF06A1CF2A4B600F14E31 /* AppDelegate.swift in Sources */ = {isa = PBXBuildFile; fileRef = 33AAF0691CF2A4B600F14E31 /* AppDelegate.swift */; };
		33AAF06C1CF2A4B600F14E31 /* ViewController.swift in Sources */ = {isa = PBXBuildFile; fileRef = 33AAF06B1CF2A4B600F14E31 /* ViewController.swift */; };
		33AAF06F1CF2A4B600F14E31 /* Main.storyboard in Resources */ = {isa = PBXBuildFile; fileRef = 33AAF06D1CF2A4B600F14E31 /* Main.storyboard */; };
		33AAF0721CF2A4B600F14E31 /* Mr_Ride_iOS.xcdatamodeld in Sources */ = {isa = PBXBuildFile; fileRef = 33AAF0701CF2A4B600F14E31 /* Mr_Ride_iOS.xcdatamodeld */; };
		33AAF0741CF2A4B600F14E31 /* Assets.xcassets in Resources */ = {isa = PBXBuildFile; fileRef = 33AAF0731CF2A4B600F14E31 /* Assets.xcassets */; };
		33AAF0771CF2A4B600F14E31 /* LaunchScreen.storyboard in Resources */ = {isa = PBXBuildFile; fileRef = 33AAF0751CF2A4B600F14E31 /* LaunchScreen.storyboard */; };
/* End PBXBuildFile section */

/* Begin PBXFileReference section */
		33AAF0661CF2A4B500F14E31 /* Mr-Ride-iOS.app */ = {isa = PBXFileReference; explicitFileType = wrapper.application; includeInIndex = 0; path = "Mr-Ride-iOS.app"; sourceTree = BUILT_PRODUCTS_DIR; };
		33AAF0691CF2A4B600F14E31 /* AppDelegate.swift */ = {isa = PBXFileReference; lastKnownFileType = sourcecode.swift; path = AppDelegate.swift; sourceTree = "<group>"; };
		33AAF06B1CF2A4B600F14E31 /* ViewController.swift */ = {isa = PBXFileReference; lastKnownFileType = sourcecode.swift; path = ViewController.swift; sourceTree = "<group>"; };
		33AAF06E1CF2A4B600F14E31 /* Base */ = {isa = PBXFileReference; lastKnownFileType = file.storyboard; name = Base; path = Base.lproj/Main.storyboard; sourceTree = "<group>"; };
		33AAF0711CF2A4B600F14E31 /* Mr_Ride_iOS.xcdatamodel */ = {isa = PBXFileReference; lastKnownFileType = wrapper.xcdatamodel; path = Mr_Ride_iOS.xcdatamodel; sourceTree = "<group>"; };
		33AAF0731CF2A4B600F14E31 /* Assets.xcassets */ = {isa = PBXFileReference; lastKnownFileType = folder.assetcatalog; path = Assets.xcassets; sourceTree = "<group>"; };
		33AAF0761CF2A4B600F14E31 /* Base */ = {isa = PBXFileReference; lastKnownFileType = file.storyboard; name = Base; path = Base.lproj/LaunchScreen.storyboard; sourceTree = "<group>"; };
		33AAF0781CF2A4B600F14E31 /* Info.plist */ = {isa = PBXFileReference; lastKnownFileType = text.plist.xml; path = Info.plist; sourceTree = "<group>"; };
/* End PBXFileReference section */

/* Begin PBXFrameworksBuildPhase section */
		33AAF0631CF2A4B500F14E31 /* Frameworks */ = {
			isa = PBXFrameworksBuildPhase;
			buildActionMask = 2147483647;
			files = (
			);
			runOnlyForDeploymentPostprocessing = 0;
		};
/* End PBXFrameworksBuildPhase section */

/* Begin PBXGroup section */
		33AAF05D1CF2A4B500F14E31 = {
			isa = PBXGroup;
			children = (
				33AAF0681CF2A4B500F14E31 /* Mr-Ride-iOS */,
				33AAF0671CF2A4B500F14E31 /* Products */,
			);
			sourceTree = "<group>";
		};
		33AAF0671CF2A4B500F14E31 /* Products */ = {
			isa = PBXGroup;
			children = (
				33AAF0661CF2A4B500F14E31 /* Mr-Ride-iOS.app */,
			);
			name = Products;
			sourceTree = "<group>";
		};
		33AAF0681CF2A4B500F14E31 /* Mr-Ride-iOS */ = {
			isa = PBXGroup;
			children = (
				33AAF0691CF2A4B600F14E31 /* AppDelegate.swift */,
				33AAF06B1CF2A4B600F14E31 /* ViewController.swift */,
				33AAF06D1CF2A4B600F14E31 /* Main.storyboard */,
				33AAF0731CF2A4B600F14E31 /* Assets.xcassets */,
				33AAF0751CF2A4B600F14E31 /* LaunchScreen.storyboard */,
				33AAF0781CF2A4B600F14E31 /* Info.plist */,
				33AAF0701CF2A4B600F14E31 /* Mr_Ride_iOS.xcdatamodeld */,
			);
			path = "Mr-Ride-iOS";
			sourceTree = "<group>";
		};
/* End PBXGroup section */

/* Begin PBXNativeTarget section */
		33AAF0651CF2A4B500F14E31 /* Mr-Ride-iOS */ = {
			isa = PBXNativeTarget;
			buildConfigurationList = 33AAF07B1CF2A4B600F14E31 /* Build configuration list for PBXNativeTarget "Mr-Ride-iOS" */;
			buildPhases = (
				33AAF0621CF2A4B500F14E31 /* Sources */,
				33AAF0631CF2A4B500F14E31 /* Frameworks */,
				33AAF0641CF2A4B500F14E31 /* Resources */,
			);
			buildRules = (
			);
			dependencies = (
			);
			name = "Mr-Ride-iOS";
			productName = "Mr-Ride-iOS";
			productReference = 33AAF0661CF2A4B500F14E31 /* Mr-Ride-iOS.app */;
			productType = "com.apple.product-type.application";
		};
/* End PBXNativeTarget section */

/* Begin PBXProject section */
		33AAF05E1CF2A4B500F14E31 /* Project object */ = {
			isa = PBXProject;
			attributes = {
				LastSwiftUpdateCheck = 0730;
				LastUpgradeCheck = 0730;
				ORGANIZATIONNAME = "Appworks School Weikz";
				TargetAttributes = {
					33AAF0651CF2A4B500F14E31 = {
						CreatedOnToolsVersion = 7.3.1;
						DevelopmentTeam = A5HG7F7JG8;
					};
				};
			};
			buildConfigurationList = 33AAF0611CF2A4B500F14E31 /* Build configuration list for PBXProject "Mr-Ride-iOS" */;
			compatibilityVersion = "Xcode 3.2";
			developmentRegion = English;
			hasScannedForEncodings = 0;
			knownRegions = (
				en,
				Base,
			);
			mainGroup = 33AAF05D1CF2A4B500F14E31;
			productRefGroup = 33AAF0671CF2A4B500F14E31 /* Products */;
			projectDirPath = "";
			projectRoot = "";
			targets = (
				33AAF0651CF2A4B500F14E31 /* Mr-Ride-iOS */,
			);
		};
/* End PBXProject section */

/* Begin PBXResourcesBuildPhase section */
		33AAF0641CF2A4B500F14E31 /* Resources */ = {
			isa = PBXResourcesBuildPhase;
			buildActionMask = 2147483647;
			files = (
				33AAF0771CF2A4B600F14E31 /* LaunchScreen.storyboard in Resources */,
				33AAF0741CF2A4B600F14E31 /* Assets.xcassets in Resources */,
				33AAF06F1CF2A4B600F14E31 /* Main.storyboard in Resources */,
			);
			runOnlyForDeploymentPostprocessing = 0;
		};
/* End PBXResourcesBuildPhase section */

/* Begin PBXSourcesBuildPhase section */
		33AAF0621CF2A4B500F14E31 /* Sources */ = {
			isa = PBXSourcesBuildPhase;
			buildActionMask = 2147483647;
			files = (
				33AAF06C1CF2A4B600F14E31 /* ViewController.swift in Sources */,
				33AAF06A1CF2A4B600F14E31 /* AppDelegate.swift in Sources */,
				33AAF0721CF2A4B600F14E31 /* Mr_Ride_iOS.xcdatamodeld in Sources */,
			);
			runOnlyForDeploymentPostprocessing = 0;
		};
/* End PBXSourcesBuildPhase section */

/* Begin PBXVariantGroup section */
		33AAF06D1CF2A4B600F14E31 /* Main.storyboard */ = {
			isa = PBXVariantGroup;
			children = (
				33AAF06E1CF2A4B600F14E31 /* Base */,
			);
			name = Main.storyboard;
			sourceTree = "<group>";
		};
		33AAF0751CF2A4B600F14E31 /* LaunchScreen.storyboard */ = {
			isa = PBXVariantGroup;
			children = (
				33AAF0761CF2A4B600F14E31 /* Base */,
			);
			name = LaunchScreen.storyboard;
			sourceTree = "<group>";
		};
/* End PBXVariantGroup section */

/* Begin XCBuildConfiguration section */
		33AAF0791CF2A4B600F14E31 /* Debug */ = {
			isa = XCBuildConfiguration;
			buildSettings = {
				ALWAYS_SEARCH_USER_PATHS = NO;
				CLANG_ANALYZER_NONNULL = YES;
				CLANG_CXX_LANGUAGE_STANDARD = "gnu++0x";
				CLANG_CXX_LIBRARY = "libc++";
				CLANG_ENABLE_MODULES = YES;
				CLANG_ENABLE_OBJC_ARC = YES;
				CLANG_WARN_BOOL_CONVERSION = YES;
				CLANG_WARN_CONSTANT_CONVERSION = YES;
				CLANG_WARN_DIRECT_OBJC_ISA_USAGE = YES_ERROR;
				CLANG_WARN_EMPTY_BODY = YES;
				CLANG_WARN_ENUM_CONVERSION = YES;
				CLANG_WARN_INT_CONVERSION = YES;
				CLANG_WARN_OBJC_ROOT_CLASS = YES_ERROR;
				CLANG_WARN_UNREACHABLE_CODE = YES;
				CLANG_WARN__DUPLICATE_METHOD_MATCH = YES;
				"CODE_SIGN_IDENTITY[sdk=iphoneos*]" = "iPhone Developer";
				COPY_PHASE_STRIP = NO;
				DEBUG_INFORMATION_FORMAT = dwarf;
				ENABLE_STRICT_OBJC_MSGSEND = YES;
				ENABLE_TESTABILITY = YES;
				GCC_C_LANGUAGE_STANDARD = gnu99;
				GCC_DYNAMIC_NO_PIC = NO;
				GCC_NO_COMMON_BLOCKS = YES;
				GCC_OPTIMIZATION_LEVEL = 0;
				GCC_PREPROCESSOR_DEFINITIONS = (
					"DEBUG=1",
					"$(inherited)",
				);
				GCC_WARN_64_TO_32_BIT_CONVERSION = YES;
				GCC_WARN_ABOUT_RETURN_TYPE = YES_ERROR;
				GCC_WARN_UNDECLARED_SELECTOR = YES;
				GCC_WARN_UNINITIALIZED_AUTOS = YES_AGGRESSIVE;
				GCC_WARN_UNUSED_FUNCTION = YES;
				GCC_WARN_UNUSED_VARIABLE = YES;
				IPHONEOS_DEPLOYMENT_TARGET = 9.3;
				MTL_ENABLE_DEBUG_INFO = YES;
				ONLY_ACTIVE_ARCH = YES;
				SDKROOT = iphoneos;
				SWIFT_OPTIMIZATION_LEVEL = "-Onone";
			};
			name = Debug;
		};
		33AAF07A1CF2A4B600F14E31 /* Release */ = {
			isa = XCBuildConfiguration;
			buildSettings = {
				ALWAYS_SEARCH_USER_PATHS = NO;
				CLANG_ANALYZER_NONNULL = YES;
				CLANG_CXX_LANGUAGE_STANDARD = "gnu++0x";
				CLANG_CXX_LIBRARY = "libc++";
				CLANG_ENABLE_MODULES = YES;
				CLANG_ENABLE_OBJC_ARC = YES;
				CLANG_WARN_BOOL_CONVERSION = YES;
				CLANG_WARN_CONSTANT_CONVERSION = YES;
				CLANG_WARN_DIRECT_OBJC_ISA_USAGE = YES_ERROR;
				CLANG_WARN_EMPTY_BODY = YES;
				CLANG_WARN_ENUM_CONVERSION = YES;
				CLANG_WARN_INT_CONVERSION = YES;
				CLANG_WARN_OBJC_ROOT_CLASS = YES_ERROR;
				CLANG_WARN_UNREACHABLE_CODE = YES;
				CLANG_WARN__DUPLICATE_METHOD_MATCH = YES;
				"CODE_SIGN_IDENTITY[sdk=iphoneos*]" = "iPhone Developer";
				COPY_PHASE_STRIP = NO;
				DEBUG_INFORMATION_FORMAT = "dwarf-with-dsym";
				ENABLE_NS_ASSERTIONS = NO;
				ENABLE_STRICT_OBJC_MSGSEND = YES;
				GCC_C_LANGUAGE_STANDARD = gnu99;
				GCC_NO_COMMON_BLOCKS = YES;
				GCC_WARN_64_TO_32_BIT_CONVERSION = YES;
				GCC_WARN_ABOUT_RETURN_TYPE = YES_ERROR;
				GCC_WARN_UNDECLARED_SELECTOR = YES;
				GCC_WARN_UNINITIALIZED_AUTOS = YES_AGGRESSIVE;
				GCC_WARN_UNUSED_FUNCTION = YES;
				GCC_WARN_UNUSED_VARIABLE = YES;
				IPHONEOS_DEPLOYMENT_TARGET = 9.3;
				MTL_ENABLE_DEBUG_INFO = NO;
				SDKROOT = iphoneos;
				VALIDATE_PRODUCT = YES;
			};
			name = Release;
		};
		33AAF07C1CF2A4B600F14E31 /* Debug */ = {
			isa = XCBuildConfiguration;
			buildSettings = {
				ASSETCATALOG_COMPILER_APPICON_NAME = AppIcon;
				INFOPLIST_FILE = "Mr-Ride-iOS/Info.plist";
				LD_RUNPATH_SEARCH_PATHS = "$(inherited) @executable_path/Frameworks";
				PRODUCT_BUNDLE_IDENTIFIER = "com.appworks-school-weikz.Mr-Ride-iOS";
				PRODUCT_NAME = "$(TARGET_NAME)";
			};
			name = Debug;
		};
		33AAF07D1CF2A4B600F14E31 /* Release */ = {
			isa = XCBuildConfiguration;
			buildSettings = {
				ASSETCATALOG_COMPILER_APPICON_NAME = AppIcon;
				INFOPLIST_FILE = "Mr-Ride-iOS/Info.plist";
				LD_RUNPATH_SEARCH_PATHS = "$(inherited) @executable_path/Frameworks";
				PRODUCT_BUNDLE_IDENTIFIER = "com.appworks-school-weikz.Mr-Ride-iOS";
				PRODUCT_NAME = "$(TARGET_NAME)";
			};
			name = Release;
		};
/* End XCBuildConfiguration section */

/* Begin XCConfigurationList section */
		33AAF0611CF2A4B500F14E31 /* Build configuration list for PBXProject "Mr-Ride-iOS" */ = {
			isa = XCConfigurationList;
			buildConfigurations = (
				33AAF0791CF2A4B600F14E31 /* Debug */,
				33AAF07A1CF2A4B600F14E31 /* Release */,
			);
			defaultConfigurationIsVisible = 0;
			defaultConfigurationName = Release;
		};
		33AAF07B1CF2A4B600F14E31 /* Build configuration list for PBXNativeTarget "Mr-Ride-iOS" */ = {
			isa = XCConfigurationList;
			buildConfigurations = (
				33AAF07C1CF2A4B600F14E31 /* Debug */,
				33AAF07D1CF2A4B600F14E31 /* Release */,
			);
			defaultConfigurationIsVisible = 0;
		};
/* End XCConfigurationList section */

/* Begin XCVersionGroup section */
		33AAF0701CF2A4B600F14E31 /* Mr_Ride_iOS.xcdatamodeld */ = {
			isa = XCVersionGroup;
			children = (
				33AAF0711CF2A4B600F14E31 /* Mr_Ride_iOS.xcdatamodel */,
			);
			currentVersion = 33AAF0711CF2A4B600F14E31 /* Mr_Ride_iOS.xcdatamodel */;
			path = Mr_Ride_iOS.xcdatamodeld;
			sourceTree = "<group>";
			versionGroupType = wrapper.xcdatamodel;
		};
/* End XCVersionGroup section */
	};
	rootObject = 33AAF05E1CF2A4B500F14E31 /* Project object */;
}
